// !$*UTF8*$!
{
	archiveVersion = 1;
	classes = {
	};
	objectVersion = 46;
	objects = {

/* Begin PBXBuildFile section */
		F79723051B29E33000633C4B /* AppDelegate.swift in Sources */ = {isa = PBXBuildFile; fileRef = F79723041B29E33000633C4B /* AppDelegate.swift */; };
		F79723071B29E33000633C4B /* RootViewController.swift in Sources */ = {isa = PBXBuildFile; fileRef = F79723061B29E33000633C4B /* RootViewController.swift */; };
		F79723091B29E33000633C4B /* DataViewController.swift in Sources */ = {isa = PBXBuildFile; fileRef = F79723081B29E33000633C4B /* DataViewController.swift */; };
		F797230B1B29E33000633C4B /* ModelController.swift in Sources */ = {isa = PBXBuildFile; fileRef = F797230A1B29E33000633C4B /* ModelController.swift */; };
		F797230E1B29E33000633C4B /* Main.storyboard in Resources */ = {isa = PBXBuildFile; fileRef = F797230C1B29E33000633C4B /* Main.storyboard */; };
		F79723101B29E33000633C4B /* Images.xcassets in Resources */ = {isa = PBXBuildFile; fileRef = F797230F1B29E33000633C4B /* Images.xcassets */; };
		F79723131B29E33000633C4B /* LaunchScreen.xib in Resources */ = {isa = PBXBuildFile; fileRef = F79723111B29E33000633C4B /* LaunchScreen.xib */; };
		F797231F1B29E33000633C4B /* LOTRKeyTests.swift in Sources */ = {isa = PBXBuildFile; fileRef = F797231E1B29E33000633C4B /* LOTRKeyTests.swift */; };
/* End PBXBuildFile section */

/* Begin PBXContainerItemProxy section */
		F79723191B29E33000633C4B /* PBXContainerItemProxy */ = {
			isa = PBXContainerItemProxy;
			containerPortal = F79722F71B29E32F00633C4B /* Project object */;
			proxyType = 1;
			remoteGlobalIDString = F79722FE1B29E33000633C4B;
			remoteInfo = LOTRKey;
		};
/* End PBXContainerItemProxy section */

/* Begin PBXFileReference section */
		F79722FF1B29E33000633C4B /* LOTRKey.app */ = {isa = PBXFileReference; explicitFileType = wrapper.application; includeInIndex = 0; path = LOTRKey.app; sourceTree = BUILT_PRODUCTS_DIR; };
		F79723031B29E33000633C4B /* Info.plist */ = {isa = PBXFileReference; lastKnownFileType = text.plist.xml; path = Info.plist; sourceTree = "<group>"; };
		F79723041B29E33000633C4B /* AppDelegate.swift */ = {isa = PBXFileReference; lastKnownFileType = sourcecode.swift; path = AppDelegate.swift; sourceTree = "<group>"; };
		F79723061B29E33000633C4B /* RootViewController.swift */ = {isa = PBXFileReference; lastKnownFileType = sourcecode.swift; path = RootViewController.swift; sourceTree = "<group>"; };
		F79723081B29E33000633C4B /* DataViewController.swift */ = {isa = PBXFileReference; lastKnownFileType = sourcecode.swift; path = DataViewController.swift; sourceTree = "<group>"; };
		F797230A1B29E33000633C4B /* ModelController.swift */ = {isa = PBXFileReference; lastKnownFileType = sourcecode.swift; path = ModelController.swift; sourceTree = "<group>"; };
		F797230D1B29E33000633C4B /* Base */ = {isa = PBXFileReference; lastKnownFileType = file.storyboard; name = Base; path = Base.lproj/Main.storyboard; sourceTree = "<group>"; };
		F797230F1B29E33000633C4B /* Images.xcassets */ = {isa = PBXFileReference; lastKnownFileType = folder.assetcatalog; path = Images.xcassets; sourceTree = "<group>"; };
		F79723121B29E33000633C4B /* Base */ = {isa = PBXFileReference; lastKnownFileType = file.xib; name = Base; path = Base.lproj/LaunchScreen.xib; sourceTree = "<group>"; };
		F79723181B29E33000633C4B /* LOTRKeyTests.xctest */ = {isa = PBXFileReference; explicitFileType = wrapper.cfbundle; includeInIndex = 0; path = LOTRKeyTests.xctest; sourceTree = BUILT_PRODUCTS_DIR; };
		F797231D1B29E33000633C4B /* Info.plist */ = {isa = PBXFileReference; lastKnownFileType = text.plist.xml; path = Info.plist; sourceTree = "<group>"; };
		F797231E1B29E33000633C4B /* LOTRKeyTests.swift */ = {isa = PBXFileReference; lastKnownFileType = sourcecode.swift; path = LOTRKeyTests.swift; sourceTree = "<group>"; };
/* End PBXFileReference section */

/* Begin PBXFrameworksBuildPhase section */
		F79722FC1B29E33000633C4B /* Frameworks */ = {
			isa = PBXFrameworksBuildPhase;
			buildActionMask = 2147483647;
			files = (
			);
			runOnlyForDeploymentPostprocessing = 0;
		};
		F79723151B29E33000633C4B /* Frameworks */ = {
			isa = PBXFrameworksBuildPhase;
			buildActionMask = 2147483647;
			files = (
			);
			runOnlyForDeploymentPostprocessing = 0;
		};
/* End PBXFrameworksBuildPhase section */

/* Begin PBXGroup section */
		F79722F61B29E32F00633C4B = {
			isa = PBXGroup;
			children = (
				F79723011B29E33000633C4B /* LOTRKey */,
				F797231B1B29E33000633C4B /* LOTRKeyTests */,
				F79723001B29E33000633C4B /* Products */,
			);
			sourceTree = "<group>";
		};
		F79723001B29E33000633C4B /* Products */ = {
			isa = PBXGroup;
			children = (
				F79722FF1B29E33000633C4B /* LOTRKey.app */,
				F79723181B29E33000633C4B /* LOTRKeyTests.xctest */,
			);
			name = Products;
			sourceTree = "<group>";
		};
		F79723011B29E33000633C4B /* LOTRKey */ = {
			isa = PBXGroup;
			children = (
				F79723041B29E33000633C4B /* AppDelegate.swift */,
				F79723061B29E33000633C4B /* RootViewController.swift */,
				F79723081B29E33000633C4B /* DataViewController.swift */,
				F797230A1B29E33000633C4B /* ModelController.swift */,
				F797230C1B29E33000633C4B /* Main.storyboard */,
				F797230F1B29E33000633C4B /* Images.xcassets */,
				F79723111B29E33000633C4B /* LaunchScreen.xib */,
				F79723021B29E33000633C4B /* Supporting Files */,
			);
			path = LOTRKey;
			sourceTree = "<group>";
		};
		F79723021B29E33000633C4B /* Supporting Files */ = {
			isa = PBXGroup;
			children = (
				F79723031B29E33000633C4B /* Info.plist */,
			);
			name = "Supporting Files";
			sourceTree = "<group>";
		};
		F797231B1B29E33000633C4B /* LOTRKeyTests */ = {
			isa = PBXGroup;
			children = (
				F797231E1B29E33000633C4B /* LOTRKeyTests.swift */,
				F797231C1B29E33000633C4B /* Supporting Files */,
			);
			path = LOTRKeyTests;
			sourceTree = "<group>";
		};
		F797231C1B29E33000633C4B /* Supporting Files */ = {
			isa = PBXGroup;
			children = (
				F797231D1B29E33000633C4B /* Info.plist */,
			);
			name = "Supporting Files";
			sourceTree = "<group>";
		};
/* End PBXGroup section */

/* Begin PBXNativeTarget section */
		F79722FE1B29E33000633C4B /* LOTRKey */ = {
			isa = PBXNativeTarget;
			buildConfigurationList = F79723221B29E33000633C4B /* Build configuration list for PBXNativeTarget "LOTRKey" */;
			buildPhases = (
				F79722FB1B29E33000633C4B /* Sources */,
				F79722FC1B29E33000633C4B /* Frameworks */,
				F79722FD1B29E33000633C4B /* Resources */,
			);
			buildRules = (
			);
			dependencies = (
			);
			name = LOTRKey;
			productName = LOTRKey;
			productReference = F79722FF1B29E33000633C4B /* LOTRKey.app */;
			productType = "com.apple.product-type.application";
		};
		F79723171B29E33000633C4B /* LOTRKeyTests */ = {
			isa = PBXNativeTarget;
			buildConfigurationList = F79723251B29E33000633C4B /* Build configuration list for PBXNativeTarget "LOTRKeyTests" */;
			buildPhases = (
				F79723141B29E33000633C4B /* Sources */,
				F79723151B29E33000633C4B /* Frameworks */,
				F79723161B29E33000633C4B /* Resources */,
			);
			buildRules = (
			);
			dependencies = (
				F797231A1B29E33000633C4B /* PBXTargetDependency */,
			);
			name = LOTRKeyTests;
			productName = LOTRKeyTests;
			productReference = F79723181B29E33000633C4B /* LOTRKeyTests.xctest */;
			productType = "com.apple.product-type.bundle.unit-test";
		};
/* End PBXNativeTarget section */

/* Begin PBXProject section */
		F79722F71B29E32F00633C4B /* Project object */ = {
			isa = PBXProject;
			attributes = {
				LastUpgradeCheck = 0630;
				ORGANIZATIONNAME = "Rohan Revival";
				TargetAttributes = {
					F79722FE1B29E33000633C4B = {
						CreatedOnToolsVersion = 6.3.1;
					};
					F79723171B29E33000633C4B = {
						CreatedOnToolsVersion = 6.3.1;
						TestTargetID = F79722FE1B29E33000633C4B;
					};
				};
			};
			buildConfigurationList = F79722FA1B29E32F00633C4B /* Build configuration list for PBXProject "LOTRKey" */;
			compatibilityVersion = "Xcode 3.2";
			developmentRegion = English;
			hasScannedForEncodings = 0;
			knownRegions = (
				en,
				Base,
			);
			mainGroup = F79722F61B29E32F00633C4B;
			productRefGroup = F79723001B29E33000633C4B /* Products */;
			projectDirPath = "";
			projectRoot = "";
			targets = (
				F79722FE1B29E33000633C4B /* LOTRKey */,
				F79723171B29E33000633C4B /* LOTRKeyTests */,
			);
		};
/* End PBXProject section */

/* Begin PBXResourcesBuildPhase section */
		F79722FD1B29E33000633C4B /* Resources */ = {
			isa = PBXResourcesBuildPhase;
			buildActionMask = 2147483647;
			files = (
				F797230E1B29E33000633C4B /* Main.storyboard in Resources */,
				F79723131B29E33000633C4B /* LaunchScreen.xib in Resources */,
				F79723101B29E33000633C4B /* Images.xcassets in Resources */,
			);
			runOnlyForDeploymentPostprocessing = 0;
		};
		F79723161B29E33000633C4B /* Resources */ = {
			isa = PBXResourcesBuildPhase;
			buildActionMask = 2147483647;
			files = (
			);
			runOnlyForDeploymentPostprocessing = 0;
		};
/* End PBXResourcesBuildPhase section */

/* Begin PBXSourcesBuildPhase section */
		F79722FB1B29E33000633C4B /* Sources */ = {
			isa = PBXSourcesBuildPhase;
			buildActionMask = 2147483647;
			files = (
				F79723071B29E33000633C4B /* RootViewController.swift in Sources */,
				F797230B1B29E33000633C4B /* ModelController.swift in Sources */,
				F79723091B29E33000633C4B /* DataViewController.swift in Sources */,
				F79723051B29E33000633C4B /* AppDelegate.swift in Sources */,
			);
			runOnlyForDeploymentPostprocessing = 0;
		};
		F79723141B29E33000633C4B /* Sources */ = {
			isa = PBXSourcesBuildPhase;
			buildActionMask = 2147483647;
			files = (
				F797231F1B29E33000633C4B /* LOTRKeyTests.swift in Sources */,
			);
			runOnlyForDeploymentPostprocessing = 0;
		};
/* End PBXSourcesBuildPhase section */

/* Begin PBXTargetDependency section */
		F797231A1B29E33000633C4B /* PBXTargetDependency */ = {
			isa = PBXTargetDependency;
			target = F79722FE1B29E33000633C4B /* LOTRKey */;
			targetProxy = F79723191B29E33000633C4B /* PBXContainerItemProxy */;
		};
/* End PBXTargetDependency section */

/* Begin PBXVariantGroup section */
		F797230C1B29E33000633C4B /* Main.storyboard */ = {
			isa = PBXVariantGroup;
			children = (
				F797230D1B29E33000633C4B /* Base */,
			);
			name = Main.storyboard;
			sourceTree = "<group>";
		};
		F79723111B29E33000633C4B /* LaunchScreen.xib */ = {
			isa = PBXVariantGroup;
			children = (
				F79723121B29E33000633C4B /* Base */,
			);
			name = LaunchScreen.xib;
			sourceTree = "<group>";
		};
/* End PBXVariantGroup section */

/* Begin XCBuildConfiguration section */
		F79723201B29E33000633C4B /* Debug */ = {
			isa = XCBuildConfiguration;
			buildSettings = {
				ALWAYS_SEARCH_USER_PATHS = NO;
				CLANG_CXX_LANGUAGE_STANDARD = "gnu++0x";
				CLANG_CXX_LIBRARY = "libc++";
				CLANG_ENABLE_MODULES = YES;
				CLANG_ENABLE_OBJC_ARC = YES;
				CLANG_WARN_BOOL_CONVERSION = YES;
				CLANG_WARN_CONSTANT_CONVERSION = YES;
				CLANG_WARN_DIRECT_OBJC_ISA_USAGE = YES_ERROR;
				CLANG_WARN_EMPTY_BODY = YES;
				CLANG_WARN_ENUM_CONVERSION = YES;
				CLANG_WARN_INT_CONVERSION = YES;
				CLANG_WARN_OBJC_ROOT_CLASS = YES_ERROR;
				CLANG_WARN_UNREACHABLE_CODE = YES;
				CLANG_WARN__DUPLICATE_METHOD_MATCH = YES;
				"CODE_SIGN_IDENTITY[sdk=iphoneos*]" = "iPhone Developer";
				COPY_PHASE_STRIP = NO;
				DEBUG_INFORMATION_FORMAT = "dwarf-with-dsym";
				ENABLE_STRICT_OBJC_MSGSEND = YES;
				GCC_C_LANGUAGE_STANDARD = gnu99;
				GCC_DYNAMIC_NO_PIC = NO;
				GCC_NO_COMMON_BLOCKS = YES;
				GCC_OPTIMIZATION_LEVEL = 0;
				GCC_PREPROCESSOR_DEFINITIONS = (
					"DEBUG=1",
					"$(inherited)",
				);
				GCC_SYMBOLS_PRIVATE_EXTERN = NO;
				GCC_WARN_64_TO_32_BIT_CONVERSION = YES;
				GCC_WARN_ABOUT_RETURN_TYPE = YES_ERROR;
				GCC_WARN_UNDECLARED_SELECTOR = YES;
				GCC_WARN_UNINITIALIZED_AUTOS = YES_AGGRESSIVE;
				GCC_WARN_UNUSED_FUNCTION = YES;
				GCC_WARN_UNUSED_VARIABLE = YES;
				IPHONEOS_DEPLOYMENT_TARGET = 8.3;
				MTL_ENABLE_DEBUG_INFO = YES;
				ONLY_ACTIVE_ARCH = YES;
				SDKROOT = iphoneos;
				SWIFT_OPTIMIZATION_LEVEL = "-Onone";
			};
			name = Debug;
		};
		F79723211B29E33000633C4B /* Release */ = {
			isa = XCBuildConfiguration;
			buildSettings = {
				ALWAYS_SEARCH_USER_PATHS = NO;
				CLANG_CXX_LANGUAGE_STANDARD = "gnu++0x";
				CLANG_CXX_LIBRARY = "libc++";
				CLANG_ENABLE_MODULES = YES;
				CLANG_ENABLE_OBJC_ARC = YES;
				CLANG_WARN_BOOL_CONVERSION = YES;
				CLANG_WARN_CONSTANT_CONVERSION = YES;
				CLANG_WARN_DIRECT_OBJC_ISA_USAGE = YES_ERROR;
				CLANG_WARN_EMPTY_BODY = YES;
				CLANG_WARN_ENUM_CONVERSION = YES;
				CLANG_WARN_INT_CONVERSION = YES;
				CLANG_WARN_OBJC_ROOT_CLASS = YES_ERROR;
				CLANG_WARN_UNREACHABLE_CODE = YES;
				CLANG_WARN__DUPLICATE_METHOD_MATCH = YES;
				"CODE_SIGN_IDENTITY[sdk=iphoneos*]" = "iPhone Developer";
				COPY_PHASE_STRIP = NO;
				DEBUG_INFORMATION_FORMAT = "dwarf-with-dsym";
				ENABLE_NS_ASSERTIONS = NO;
				ENABLE_STRICT_OBJC_MSGSEND = YES;
				GCC_C_LANGUAGE_STANDARD = gnu99;
				GCC_NO_COMMON_BLOCKS = YES;
				GCC_WARN_64_TO_32_BIT_CONVERSION = YES;
				GCC_WARN_ABOUT_RETURN_TYPE = YES_ERROR;
				GCC_WARN_UNDECLARED_SELECTOR = YES;
				GCC_WARN_UNINITIALIZED_AUTOS = YES_AGGRESSIVE;
				GCC_WARN_UNUSED_FUNCTION = YES;
				GCC_WARN_UNUSED_VARIABLE = YES;
				IPHONEOS_DEPLOYMENT_TARGET = 8.3;
				MTL_ENABLE_DEBUG_INFO = NO;
				SDKROOT = iphoneos;
				VALIDATE_PRODUCT = YES;
			};
			name = Release;
		};
		F79723231B29E33000633C4B /* Debug */ = {
			isa = XCBuildConfiguration;
			buildSettings = {
				ASSETCATALOG_COMPILER_APPICON_NAME = AppIcon;
				INFOPLIST_FILE = LOTRKey/Info.plist;
				LD_RUNPATH_SEARCH_PATHS = "$(inherited) @executable_path/Frameworks";
				PRODUCT_NAME = "$(TARGET_NAME)";
			};
			name = Debug;
		};
		F79723241B29E33000633C4B /* Release */ = {
			isa = XCBuildConfiguration;
			buildSettings = {
				ASSETCATALOG_COMPILER_APPICON_NAME = AppIcon;
				INFOPLIST_FILE = LOTRKey/Info.plist;
				LD_RUNPATH_SEARCH_PATHS = "$(inherited) @executable_path/Frameworks";
				PRODUCT_NAME = "$(TARGET_NAME)";
			};
			name = Release;
		};
		F79723261B29E33000633C4B /* Debug */ = {
			isa = XCBuildConfiguration;
			buildSettings = {
				BUNDLE_LOADER = "$(TEST_HOST)";
				FRAMEWORK_SEARCH_PATHS = (
					"$(SDKROOT)/Developer/Library/Frameworks",
					"$(inherited)",
				);
				GCC_PREPROCESSOR_DEFINITIONS = (
					"DEBUG=1",
					"$(inherited)",
				);
				INFOPLIST_FILE = LOTRKeyTests/Info.plist;
				LD_RUNPATH_SEARCH_PATHS = "$(inherited) @executable_path/Frameworks @loader_path/Frameworks";
				PRODUCT_NAME = "$(TARGET_NAME)";
				TEST_HOST = "$(BUILT_PRODUCTS_DIR)/LOTRKey.app/LOTRKey";
			};
			name = Debug;
		};
		F79723271B29E33000633C4B /* Release */ = {
			isa = XCBuildConfiguration;
			buildSettings = {
				BUNDLE_LOADER = "$(TEST_HOST)";
				FRAMEWORK_SEARCH_PATHS = (
					"$(SDKROOT)/Developer/Library/Frameworks",
					"$(inherited)",
				);
				INFOPLIST_FILE = LOTRKeyTests/Info.plist;
				LD_RUNPATH_SEARCH_PATHS = "$(inherited) @executable_path/Frameworks @loader_path/Frameworks";
				PRODUCT_NAME = "$(TARGET_NAME)";
				TEST_HOST = "$(BUILT_PRODUCTS_DIR)/LOTRKey.app/LOTRKey";
			};
			name = Release;
		};
/* End XCBuildConfiguration section */

/* Begin XCConfigurationList section */
		F79722FA1B29E32F00633C4B /* Build configuration list for PBXProject "LOTRKey" */ = {
			isa = XCConfigurationList;
			buildConfigurations = (
				F79723201B29E33000633C4B /* Debug */,
				F79723211B29E33000633C4B /* Release */,
			);
			defaultConfigurationIsVisible = 0;
			defaultConfigurationName = Release;
		};
		F79723221B29E33000633C4B /* Build configuration list for PBXNativeTarget "LOTRKey" */ = {
			isa = XCConfigurationList;
			buildConfigurations = (
				F79723231B29E33000633C4B /* Debug */,
				F79723241B29E33000633C4B /* Release */,
			);
			defaultConfigurationIsVisible = 0;
		};
		F79723251B29E33000633C4B /* Build configuration list for PBXNativeTarget "LOTRKeyTests" */ = {
			isa = XCConfigurationList;
			buildConfigurations = (
				F79723261B29E33000633C4B /* Debug */,
				F79723271B29E33000633C4B /* Release */,
			);
			defaultConfigurationIsVisible = 0;
		};
/* End XCConfigurationList section */
	};
	rootObject = F79722F71B29E32F00633C4B /* Project object */;
}
